{
	"name": "@jsalgo/utils",
	"version": "1.0.1",
	"lockfileVersion": 2,
	"requires": true,
	"packages": {
		"": {
			"name": "@jsalgo/utils",
			"version": "1.0.1",
			"license": "MIT",
			"dependencies": {
				"common": "^0.2.5"
			}
		},
		"node_modules/common": {
			"version": "0.2.5",
			"resolved": "https://registry.npmjs.org/common/-/common-0.2.5.tgz",
			"integrity": "sha1-PHGC9ni9HjaBzVzDSMdZ/o3SI5Q="
		}
	},
	"dependencies": {
		"common": {
			"version": "0.2.5",
			"resolved": "https://registry.npmjs.org/common/-/common-0.2.5.tgz",
			"integrity": "sha1-PHGC9ni9HjaBzVzDSMdZ/o3SI5Q="
		}
	}
}
